
Microsoft Visual Studio Solution File, Format Version 12.00
# Visual Studio Version 16
VisualStudioVersion = 16.0.29709.97
MinimumVisualStudioVersion = 10.0.40219.1
Project("{FAE04EC0-301F-11D3-BF4B-00C04F79EFBC}") = "analizador-csharp", "analizador-csharp-1.0.0\analizador-csharp.csproj", "{085710AC-F70D-4F14-B944-8B0BE06BC992}"
EndProject
Global
	GlobalSection(SolutionConfigurationPlatforms) = preSolution
		Debug|Any CPU = Debug|Any CPU
		Release|Any CPU = Release|Any CPU
	EndGlobalSection
	GlobalSection(ProjectConfigurationPlatforms) = postSolution
		{085710AC-F70D-4F14-B944-8B0BE06BC992}.Debug|Any CPU.ActiveCfg = Debug|Any CPU
		{085710AC-F70D-4F14-B944-8B0BE06BC992}.Debug|Any CPU.Build.0 = Debug|Any CPU
		{085710AC-F70D-4F14-B944-8B0BE06BC992}.Release|Any CPU.ActiveCfg = Release|Any CPU
		{085710AC-F70D-4F14-B944-8B0BE06BC992}.Release|Any CPU.Build.0 = Release|Any CPU
	EndGlobalSection
	GlobalSection(SolutionProperties) = preSolution
		HideSolutionNode = FALSE
	EndGlobalSection
	GlobalSection(ExtensibilityGlobals) = postSolution
		SolutionGuid = {9D931DAF-E4D9-4DCA-B732-65FDF0A8F735}
	EndGlobalSection
EndGlobal
